
Microsoft Visual Studio Solution File, Format Version 12.00
# Visual Studio Version 17
VisualStudioVersion = 17.3.32929.385
MinimumVisualStudioVersion = 10.0.40219.1
Project("{FAE04EC0-301F-11D3-BF4B-00C04F79EFBC}") = "пробка", "пробка.csproj", "{95DB7CF1-99F3-491B-BA2B-E9712AB07D7A}"
EndProject
Global
	GlobalSection(SolutionConfigurationPlatforms) = preSolution
		Debug|Any CPU = Debug|Any CPU
		Release|Any CPU = Release|Any CPU
	EndGlobalSection
	GlobalSection(ProjectConfigurationPlatforms) = postSolution
		{95DB7CF1-99F3-491B-BA2B-E9712AB07D7A}.Debug|Any CPU.ActiveCfg = Debug|Any CPU
		{95DB7CF1-99F3-491B-BA2B-E9712AB07D7A}.Debug|Any CPU.Build.0 = Debug|Any CPU
		{95DB7CF1-99F3-491B-BA2B-E9712AB07D7A}.Release|Any CPU.ActiveCfg = Release|Any CPU
		{95DB7CF1-99F3-491B-BA2B-E9712AB07D7A}.Release|Any CPU.Build.0 = Release|Any CPU
	EndGlobalSection
	GlobalSection(SolutionProperties) = preSolution
		HideSolutionNode = FALSE
	EndGlobalSection
	GlobalSection(ExtensibilityGlobals) = postSolution
		SolutionGuid = {F0376F22-7A71-43EC-B230-3384D125F99A}
	EndGlobalSection
EndGlobal
